{
  "originHash" : "a9af24147935154c7cec8d6d94af103451e3ad488c14b34046631dd06da4c2f9",
  "pins" : [
    {
      "identity" : "alamofire",
      "kind" : "remoteSourceControl",
      "location" : "https://github.com/Alamofire/Alamofire.git",
      "state" : {
        "revision" : "f455c2975872ccd2d9c81594c658af65716e9b9a",
        "version" : "5.9.1"
      }
    },
    {
      "identity" : "greemswiftpackage",
      "kind" : "remoteSourceControl",
      "location" : "https://github.com/TaeYoon17/GreemSwiftPackage.git",
      "state" : {
        "branch" : "main",
        "revision" : "e8d1cc1aa1a58cf8fcec158c297ae1ac24937b21"
      }
    }
  ],
  "version" : 3
}
