// !$*UTF8*$!
{
	archiveVersion = 1;
	classes = {
	};
	objectVersion = 56;
	objects = {

/* Begin PBXBuildFile section */
		634195462C67A6B900ADC9AB /* GreemSwiftPackage in Frameworks */ = {isa = PBXBuildFile; productRef = 634195452C67A6B900ADC9AB /* GreemSwiftPackage */; };
		634195492C67A6D300ADC9AB /* NetworkManager.swift in Sources */ = {isa = PBXBuildFile; fileRef = 634195482C67A6D300ADC9AB /* NetworkManager.swift */; };
		6341954C2C67A6FE00ADC9AB /* Alamofire in Frameworks */ = {isa = PBXBuildFile; productRef = 6341954B2C67A6FE00ADC9AB /* Alamofire */; };
		6341954E2C67A7FD00ADC9AB /* AuthManager.swift in Sources */ = {isa = PBXBuildFile; fileRef = 6341954D2C67A7FD00ADC9AB /* AuthManager.swift */; };
		634195522C67A84B00ADC9AB /* SignInView.swift in Sources */ = {isa = PBXBuildFile; fileRef = 634195512C67A84B00ADC9AB /* SignInView.swift */; };
		634195552C67A9A300ADC9AB /* AuthRouter.swift in Sources */ = {isa = PBXBuildFile; fileRef = 634195542C67A9A300ADC9AB /* AuthRouter.swift */; };
		634195572C67AA7400ADC9AB /* NetworkErrors.swift in Sources */ = {isa = PBXBuildFile; fileRef = 634195562C67AA7400ADC9AB /* NetworkErrors.swift */; };
		6341955A2C67B71A00ADC9AB /* API_Key.swift in Sources */ = {isa = PBXBuildFile; fileRef = 634195592C67B71A00ADC9AB /* API_Key.swift */; };
		6341955D2C67B89500ADC9AB /* SignInVM.swift in Sources */ = {isa = PBXBuildFile; fileRef = 6341955C2C67B89500ADC9AB /* SignInVM.swift */; };
		634195622C67C86F00ADC9AB /* SignUpDto.swift in Sources */ = {isa = PBXBuildFile; fileRef = 634195612C67C86F00ADC9AB /* SignUpDto.swift */; };
		634195642C67C89000ADC9AB /* SignInDto.swift in Sources */ = {isa = PBXBuildFile; fileRef = 634195632C67C89000ADC9AB /* SignInDto.swift */; };
		634195662C67C8B100ADC9AB /* ReissueDto.swift in Sources */ = {isa = PBXBuildFile; fileRef = 634195652C67C8B100ADC9AB /* ReissueDto.swift */; };
		634195682C67CD4E00ADC9AB /* SignUpView.swift in Sources */ = {isa = PBXBuildFile; fileRef = 634195672C67CD4E00ADC9AB /* SignUpView.swift */; };
		6341956A2C67CD8E00ADC9AB /* SignView.swift in Sources */ = {isa = PBXBuildFile; fileRef = 634195692C67CD8E00ADC9AB /* SignView.swift */; };
		6341956C2C67CEA400ADC9AB /* SignVM.swift in Sources */ = {isa = PBXBuildFile; fileRef = 6341956B2C67CEA400ADC9AB /* SignVM.swift */; };
		6341956E2C67D02400ADC9AB /* NavigationEnvironments.swift in Sources */ = {isa = PBXBuildFile; fileRef = 6341956D2C67D02400ADC9AB /* NavigationEnvironments.swift */; };
		634195722C67D4A100ADC9AB /* SignUpEmailCPT.swift in Sources */ = {isa = PBXBuildFile; fileRef = 634195712C67D4A100ADC9AB /* SignUpEmailCPT.swift */; };
		634195742C67D53100ADC9AB /* SingUpPasswordCPT.swift in Sources */ = {isa = PBXBuildFile; fileRef = 634195732C67D53100ADC9AB /* SingUpPasswordCPT.swift */; };
		634195762C67DC8900ADC9AB /* SignUpVM.swift in Sources */ = {isa = PBXBuildFile; fileRef = 634195752C67DC8900ADC9AB /* SignUpVM.swift */; };
		634195782C67E15400ADC9AB /* AuthInterceptor.swift in Sources */ = {isa = PBXBuildFile; fileRef = 634195772C67E15400ADC9AB /* AuthInterceptor.swift */; };
		6341957A2C67ED4200ADC9AB /* DateExtension.swift in Sources */ = {isa = PBXBuildFile; fileRef = 634195792C67ED4200ADC9AB /* DateExtension.swift */; };
		6341957D2C6803CA00ADC9AB /* UserDto.swift in Sources */ = {isa = PBXBuildFile; fileRef = 6341957C2C6803CA00ADC9AB /* UserDto.swift */; };
		6341957F2C680E6200ADC9AB /* WishRouter.swift in Sources */ = {isa = PBXBuildFile; fileRef = 6341957E2C680E6200ADC9AB /* WishRouter.swift */; };
		634195842C68126E00ADC9AB /* WishlistItemDto.swift in Sources */ = {isa = PBXBuildFile; fileRef = 634195832C68126E00ADC9AB /* WishlistItemDto.swift */; };
		634195862C68127E00ADC9AB /* FoodDto.swift in Sources */ = {isa = PBXBuildFile; fileRef = 634195852C68127E00ADC9AB /* FoodDto.swift */; };
		634195882C68128900ADC9AB /* FoodDiseaseWarning.swift in Sources */ = {isa = PBXBuildFile; fileRef = 634195872C68128900ADC9AB /* FoodDiseaseWarning.swift */; };
		6341958A2C6812AD00ADC9AB /* ResponseWishlistRankingDto.swift in Sources */ = {isa = PBXBuildFile; fileRef = 634195892C6812AD00ADC9AB /* ResponseWishlistRankingDto.swift */; };
		6341958D2C68130500ADC9AB /* WishlistManager.swift in Sources */ = {isa = PBXBuildFile; fileRef = 6341958C2C68130500ADC9AB /* WishlistManager.swift */; };
		6341958F2C68131C00ADC9AB /* UserDefaultsValues.swift in Sources */ = {isa = PBXBuildFile; fileRef = 6341958E2C68131C00ADC9AB /* UserDefaultsValues.swift */; };
		634195912C68148900ADC9AB /* ResponseWishlistDto.swift in Sources */ = {isa = PBXBuildFile; fileRef = 634195902C68148900ADC9AB /* ResponseWishlistDto.swift */; };
		DF4D8D702C663021005BAD8B /* HappyBurstDayApp.swift in Sources */ = {isa = PBXBuildFile; fileRef = DF4D8D6F2C663021005BAD8B /* HappyBurstDayApp.swift */; };
		DF4D8D722C663021005BAD8B /* ContentView.swift in Sources */ = {isa = PBXBuildFile; fileRef = DF4D8D712C663021005BAD8B /* ContentView.swift */; };
		DF4D8D742C663022005BAD8B /* Assets.xcassets in Resources */ = {isa = PBXBuildFile; fileRef = DF4D8D732C663022005BAD8B /* Assets.xcassets */; };
		DF4D8D772C663022005BAD8B /* Preview Assets.xcassets in Resources */ = {isa = PBXBuildFile; fileRef = DF4D8D762C663022005BAD8B /* Preview Assets.xcassets */; };
		DFAB187B2C679C1D007D2765 /* Pretendard-Bold.ttf in Resources */ = {isa = PBXBuildFile; fileRef = DFAB18722C679C1C007D2765 /* Pretendard-Bold.ttf */; };
		DFAB187C2C679C1D007D2765 /* Pretendard-SemiBold.ttf in Resources */ = {isa = PBXBuildFile; fileRef = DFAB18732C679C1C007D2765 /* Pretendard-SemiBold.ttf */; };
		DFAB187D2C679C1D007D2765 /* Pretendard-Medium.ttf in Resources */ = {isa = PBXBuildFile; fileRef = DFAB18742C679C1D007D2765 /* Pretendard-Medium.ttf */; };
		DFAB187E2C679C1D007D2765 /* Pretendard-ExtraLight.ttf in Resources */ = {isa = PBXBuildFile; fileRef = DFAB18752C679C1D007D2765 /* Pretendard-ExtraLight.ttf */; };
		DFAB187F2C679C1D007D2765 /* Pretendard-ExtraBold.ttf in Resources */ = {isa = PBXBuildFile; fileRef = DFAB18762C679C1D007D2765 /* Pretendard-ExtraBold.ttf */; };
		DFAB18802C679C1D007D2765 /* Pretendard-Black.ttf in Resources */ = {isa = PBXBuildFile; fileRef = DFAB18772C679C1D007D2765 /* Pretendard-Black.ttf */; };
		DFAB18812C679C1D007D2765 /* Pretendard-Light.ttf in Resources */ = {isa = PBXBuildFile; fileRef = DFAB18782C679C1D007D2765 /* Pretendard-Light.ttf */; };
		DFAB18822C679C1D007D2765 /* Pretendard-Regular.ttf in Resources */ = {isa = PBXBuildFile; fileRef = DFAB18792C679C1D007D2765 /* Pretendard-Regular.ttf */; };
		DFAB18832C679C1D007D2765 /* Pretendard-Thin.ttf in Resources */ = {isa = PBXBuildFile; fileRef = DFAB187A2C679C1D007D2765 /* Pretendard-Thin.ttf */; };
		DFAB18872C679C42007D2765 /* Helper+PretendardFont.swift in Sources */ = {isa = PBXBuildFile; fileRef = DFAB18862C679C42007D2765 /* Helper+PretendardFont.swift */; };
/* End PBXBuildFile section */

/* Begin PBXFileReference section */
		634195482C67A6D300ADC9AB /* NetworkManager.swift */ = {isa = PBXFileReference; lastKnownFileType = sourcecode.swift; path = NetworkManager.swift; sourceTree = "<group>"; };
		6341954D2C67A7FD00ADC9AB /* AuthManager.swift */ = {isa = PBXFileReference; lastKnownFileType = sourcecode.swift; path = AuthManager.swift; sourceTree = "<group>"; };
		634195512C67A84B00ADC9AB /* SignInView.swift */ = {isa = PBXFileReference; lastKnownFileType = sourcecode.swift; path = SignInView.swift; sourceTree = "<group>"; };
		634195542C67A9A300ADC9AB /* AuthRouter.swift */ = {isa = PBXFileReference; lastKnownFileType = sourcecode.swift; path = AuthRouter.swift; sourceTree = "<group>"; };
		634195562C67AA7400ADC9AB /* NetworkErrors.swift */ = {isa = PBXFileReference; lastKnownFileType = sourcecode.swift; path = NetworkErrors.swift; sourceTree = "<group>"; };
		634195582C67AC7400ADC9AB /* Info.plist */ = {isa = PBXFileReference; lastKnownFileType = text.plist; path = Info.plist; sourceTree = "<group>"; };
		634195592C67B71A00ADC9AB /* API_Key.swift */ = {isa = PBXFileReference; fileEncoding = 4; lastKnownFileType = sourcecode.swift; path = API_Key.swift; sourceTree = "<group>"; };
		6341955C2C67B89500ADC9AB /* SignInVM.swift */ = {isa = PBXFileReference; lastKnownFileType = sourcecode.swift; path = SignInVM.swift; sourceTree = "<group>"; };
		634195612C67C86F00ADC9AB /* SignUpDto.swift */ = {isa = PBXFileReference; lastKnownFileType = sourcecode.swift; path = SignUpDto.swift; sourceTree = "<group>"; };
		634195632C67C89000ADC9AB /* SignInDto.swift */ = {isa = PBXFileReference; lastKnownFileType = sourcecode.swift; path = SignInDto.swift; sourceTree = "<group>"; };
		634195652C67C8B100ADC9AB /* ReissueDto.swift */ = {isa = PBXFileReference; lastKnownFileType = sourcecode.swift; path = ReissueDto.swift; sourceTree = "<group>"; };
		634195672C67CD4E00ADC9AB /* SignUpView.swift */ = {isa = PBXFileReference; lastKnownFileType = sourcecode.swift; path = SignUpView.swift; sourceTree = "<group>"; };
		634195692C67CD8E00ADC9AB /* SignView.swift */ = {isa = PBXFileReference; lastKnownFileType = sourcecode.swift; path = SignView.swift; sourceTree = "<group>"; };
		6341956B2C67CEA400ADC9AB /* SignVM.swift */ = {isa = PBXFileReference; lastKnownFileType = sourcecode.swift; path = SignVM.swift; sourceTree = "<group>"; };
		6341956D2C67D02400ADC9AB /* NavigationEnvironments.swift */ = {isa = PBXFileReference; lastKnownFileType = sourcecode.swift; path = NavigationEnvironments.swift; sourceTree = "<group>"; };
		634195712C67D4A100ADC9AB /* SignUpEmailCPT.swift */ = {isa = PBXFileReference; lastKnownFileType = sourcecode.swift; path = SignUpEmailCPT.swift; sourceTree = "<group>"; };
		634195732C67D53100ADC9AB /* SingUpPasswordCPT.swift */ = {isa = PBXFileReference; lastKnownFileType = sourcecode.swift; path = SingUpPasswordCPT.swift; sourceTree = "<group>"; };
		634195752C67DC8900ADC9AB /* SignUpVM.swift */ = {isa = PBXFileReference; lastKnownFileType = sourcecode.swift; path = SignUpVM.swift; sourceTree = "<group>"; };
		634195772C67E15400ADC9AB /* AuthInterceptor.swift */ = {isa = PBXFileReference; lastKnownFileType = sourcecode.swift; path = AuthInterceptor.swift; sourceTree = "<group>"; };
		634195792C67ED4200ADC9AB /* DateExtension.swift */ = {isa = PBXFileReference; lastKnownFileType = sourcecode.swift; path = DateExtension.swift; sourceTree = "<group>"; };
		6341957C2C6803CA00ADC9AB /* UserDto.swift */ = {isa = PBXFileReference; lastKnownFileType = sourcecode.swift; path = UserDto.swift; sourceTree = "<group>"; };
		6341957E2C680E6200ADC9AB /* WishRouter.swift */ = {isa = PBXFileReference; lastKnownFileType = sourcecode.swift; path = WishRouter.swift; sourceTree = "<group>"; };
		634195832C68126E00ADC9AB /* WishlistItemDto.swift */ = {isa = PBXFileReference; lastKnownFileType = sourcecode.swift; path = WishlistItemDto.swift; sourceTree = "<group>"; };
		634195852C68127E00ADC9AB /* FoodDto.swift */ = {isa = PBXFileReference; lastKnownFileType = sourcecode.swift; path = FoodDto.swift; sourceTree = "<group>"; };
		634195872C68128900ADC9AB /* FoodDiseaseWarning.swift */ = {isa = PBXFileReference; lastKnownFileType = sourcecode.swift; path = FoodDiseaseWarning.swift; sourceTree = "<group>"; };
		634195892C6812AD00ADC9AB /* ResponseWishlistRankingDto.swift */ = {isa = PBXFileReference; lastKnownFileType = sourcecode.swift; path = ResponseWishlistRankingDto.swift; sourceTree = "<group>"; };
		6341958C2C68130500ADC9AB /* WishlistManager.swift */ = {isa = PBXFileReference; lastKnownFileType = sourcecode.swift; path = WishlistManager.swift; sourceTree = "<group>"; };
		6341958E2C68131C00ADC9AB /* UserDefaultsValues.swift */ = {isa = PBXFileReference; lastKnownFileType = sourcecode.swift; path = UserDefaultsValues.swift; sourceTree = "<group>"; };
		634195902C68148900ADC9AB /* ResponseWishlistDto.swift */ = {isa = PBXFileReference; lastKnownFileType = sourcecode.swift; path = ResponseWishlistDto.swift; sourceTree = "<group>"; };
		DF4D8D6C2C663021005BAD8B /* HappyBurstDay.app */ = {isa = PBXFileReference; explicitFileType = wrapper.application; includeInIndex = 0; path = HappyBurstDay.app; sourceTree = BUILT_PRODUCTS_DIR; };
		DF4D8D6F2C663021005BAD8B /* HappyBurstDayApp.swift */ = {isa = PBXFileReference; lastKnownFileType = sourcecode.swift; path = HappyBurstDayApp.swift; sourceTree = "<group>"; };
		DF4D8D712C663021005BAD8B /* ContentView.swift */ = {isa = PBXFileReference; lastKnownFileType = sourcecode.swift; path = ContentView.swift; sourceTree = "<group>"; };
		DF4D8D732C663022005BAD8B /* Assets.xcassets */ = {isa = PBXFileReference; lastKnownFileType = folder.assetcatalog; path = Assets.xcassets; sourceTree = "<group>"; };
		DF4D8D762C663022005BAD8B /* Preview Assets.xcassets */ = {isa = PBXFileReference; lastKnownFileType = folder.assetcatalog; path = "Preview Assets.xcassets"; sourceTree = "<group>"; };
		DFAB18722C679C1C007D2765 /* Pretendard-Bold.ttf */ = {isa = PBXFileReference; lastKnownFileType = file; path = "Pretendard-Bold.ttf"; sourceTree = "<group>"; };
		DFAB18732C679C1C007D2765 /* Pretendard-SemiBold.ttf */ = {isa = PBXFileReference; lastKnownFileType = file; path = "Pretendard-SemiBold.ttf"; sourceTree = "<group>"; };
		DFAB18742C679C1D007D2765 /* Pretendard-Medium.ttf */ = {isa = PBXFileReference; lastKnownFileType = file; path = "Pretendard-Medium.ttf"; sourceTree = "<group>"; };
		DFAB18752C679C1D007D2765 /* Pretendard-ExtraLight.ttf */ = {isa = PBXFileReference; lastKnownFileType = file; path = "Pretendard-ExtraLight.ttf"; sourceTree = "<group>"; };
		DFAB18762C679C1D007D2765 /* Pretendard-ExtraBold.ttf */ = {isa = PBXFileReference; lastKnownFileType = file; path = "Pretendard-ExtraBold.ttf"; sourceTree = "<group>"; };
		DFAB18772C679C1D007D2765 /* Pretendard-Black.ttf */ = {isa = PBXFileReference; lastKnownFileType = file; path = "Pretendard-Black.ttf"; sourceTree = "<group>"; };
		DFAB18782C679C1D007D2765 /* Pretendard-Light.ttf */ = {isa = PBXFileReference; lastKnownFileType = file; path = "Pretendard-Light.ttf"; sourceTree = "<group>"; };
		DFAB18792C679C1D007D2765 /* Pretendard-Regular.ttf */ = {isa = PBXFileReference; lastKnownFileType = file; path = "Pretendard-Regular.ttf"; sourceTree = "<group>"; };
		DFAB187A2C679C1D007D2765 /* Pretendard-Thin.ttf */ = {isa = PBXFileReference; lastKnownFileType = file; path = "Pretendard-Thin.ttf"; sourceTree = "<group>"; };
		DFAB18862C679C42007D2765 /* Helper+PretendardFont.swift */ = {isa = PBXFileReference; lastKnownFileType = sourcecode.swift; path = "Helper+PretendardFont.swift"; sourceTree = "<group>"; };
/* End PBXFileReference section */

/* Begin PBXFrameworksBuildPhase section */
		DF4D8D692C663021005BAD8B /* Frameworks */ = {
			isa = PBXFrameworksBuildPhase;
			buildActionMask = 2147483647;
			files = (
				634195462C67A6B900ADC9AB /* GreemSwiftPackage in Frameworks */,
				6341954C2C67A6FE00ADC9AB /* Alamofire in Frameworks */,
			);
			runOnlyForDeploymentPostprocessing = 0;
		};
/* End PBXFrameworksBuildPhase section */

/* Begin PBXGroup section */
		634195472C67A6C500ADC9AB /* Greem */ = {
			isa = PBXGroup;
			children = (
				6341956F2C67D02B00ADC9AB /* Environments */,
				6341955B2C67B87F00ADC9AB /* GreemViewModels */,
				634195592C67B71A00ADC9AB /* API_Key.swift */,
				634195502C67A84200ADC9AB /* GreemViews */,
				6341954F2C67A83800ADC9AB /* Networks */,
			);
			path = Greem;
			sourceTree = "<group>";
		};
		6341954F2C67A83800ADC9AB /* Networks */ = {
			isa = PBXGroup;
			children = (
				6341958B2C6812F700ADC9AB /* NetworkManagers */,
				6341955E2C67BFC700ADC9AB /* NetworkModels */,
				634195532C67A99B00ADC9AB /* Routers */,
			);
			path = Networks;
			sourceTree = "<group>";
		};
		634195502C67A84200ADC9AB /* GreemViews */ = {
			isa = PBXGroup;
			children = (
				6341957B2C67F72B00ADC9AB /* SignInView */,
				634195702C67D48E00ADC9AB /* SignUpView */,
				634195692C67CD8E00ADC9AB /* SignView.swift */,
			);
			path = GreemViews;
			sourceTree = "<group>";
		};
		634195532C67A99B00ADC9AB /* Routers */ = {
			isa = PBXGroup;
			children = (
				634195542C67A9A300ADC9AB /* AuthRouter.swift */,
				6341957E2C680E6200ADC9AB /* WishRouter.swift */,
			);
			path = Routers;
			sourceTree = "<group>";
		};
		6341955B2C67B87F00ADC9AB /* GreemViewModels */ = {
			isa = PBXGroup;
			children = (
				6341955C2C67B89500ADC9AB /* SignInVM.swift */,
				6341956B2C67CEA400ADC9AB /* SignVM.swift */,
				634195752C67DC8900ADC9AB /* SignUpVM.swift */,
			);
			path = GreemViewModels;
			sourceTree = "<group>";
		};
		6341955E2C67BFC700ADC9AB /* NetworkModels */ = {
			isa = PBXGroup;
			children = (
				634195822C68126000ADC9AB /* WishlistDtos */,
				634195612C67C86F00ADC9AB /* SignUpDto.swift */,
				634195632C67C89000ADC9AB /* SignInDto.swift */,
				634195652C67C8B100ADC9AB /* ReissueDto.swift */,
				6341957C2C6803CA00ADC9AB /* UserDto.swift */,
			);
			path = NetworkModels;
			sourceTree = "<group>";
		};
		6341956F2C67D02B00ADC9AB /* Environments */ = {
			isa = PBXGroup;
			children = (
				6341956D2C67D02400ADC9AB /* NavigationEnvironments.swift */,
			);
			path = Environments;
			sourceTree = "<group>";
		};
		634195702C67D48E00ADC9AB /* SignUpView */ = {
			isa = PBXGroup;
			children = (
				634195672C67CD4E00ADC9AB /* SignUpView.swift */,
				634195712C67D4A100ADC9AB /* SignUpEmailCPT.swift */,
				634195732C67D53100ADC9AB /* SingUpPasswordCPT.swift */,
			);
			path = SignUpView;
			sourceTree = "<group>";
		};
		6341957B2C67F72B00ADC9AB /* SignInView */ = {
			isa = PBXGroup;
			children = (
				634195512C67A84B00ADC9AB /* SignInView.swift */,
			);
			path = SignInView;
			sourceTree = "<group>";
		};
		634195822C68126000ADC9AB /* WishlistDtos */ = {
			isa = PBXGroup;
			children = (
				634195832C68126E00ADC9AB /* WishlistItemDto.swift */,
				634195872C68128900ADC9AB /* FoodDiseaseWarning.swift */,
				634195852C68127E00ADC9AB /* FoodDto.swift */,
				634195892C6812AD00ADC9AB /* ResponseWishlistRankingDto.swift */,
				634195902C68148900ADC9AB /* ResponseWishlistDto.swift */,
			);
			path = WishlistDtos;
			sourceTree = "<group>";
		};
		6341958B2C6812F700ADC9AB /* NetworkManagers */ = {
			isa = PBXGroup;
			children = (
				634195482C67A6D300ADC9AB /* NetworkManager.swift */,
				6341958C2C68130500ADC9AB /* WishlistManager.swift */,
				6341954D2C67A7FD00ADC9AB /* AuthManager.swift */,
				634195562C67AA7400ADC9AB /* NetworkErrors.swift */,
				634195772C67E15400ADC9AB /* AuthInterceptor.swift */,
			);
			path = NetworkManagers;
			sourceTree = "<group>";
		};
		DF4D8D632C663021005BAD8B = {
			isa = PBXGroup;
			children = (
				DF4D8D6E2C663021005BAD8B /* HappyBurstDay */,
				DF4D8D6D2C663021005BAD8B /* Products */,
			);
			sourceTree = "<group>";
		};
		DF4D8D6D2C663021005BAD8B /* Products */ = {
			isa = PBXGroup;
			children = (
				DF4D8D6C2C663021005BAD8B /* HappyBurstDay.app */,
			);
			name = Products;
			sourceTree = "<group>";
		};
		DF4D8D6E2C663021005BAD8B /* HappyBurstDay */ = {
			isa = PBXGroup;
			children = (
				634195582C67AC7400ADC9AB /* Info.plist */,
				634195472C67A6C500ADC9AB /* Greem */,
				DF4D8D712C663021005BAD8B /* ContentView.swift */,
				DF4D8D6F2C663021005BAD8B /* HappyBurstDayApp.swift */,
				DFAB18842C679C26007D2765 /* Helper */,
				DFAB186F2C679BF6007D2765 /* Resource */,
				DF4D8D752C663022005BAD8B /* Preview Content */,
			);
			path = HappyBurstDay;
			sourceTree = "<group>";
		};
		DF4D8D752C663022005BAD8B /* Preview Content */ = {
			isa = PBXGroup;
			children = (
				DF4D8D762C663022005BAD8B /* Preview Assets.xcassets */,
			);
			path = "Preview Content";
			sourceTree = "<group>";
		};
		DFAB186F2C679BF6007D2765 /* Resource */ = {
			isa = PBXGroup;
			children = (
				DFAB18702C679C06007D2765 /* Fonts */,
				DF4D8D732C663022005BAD8B /* Assets.xcassets */,
			);
			path = Resource;
			sourceTree = "<group>";
		};
		DFAB18702C679C06007D2765 /* Fonts */ = {
			isa = PBXGroup;
			children = (
				DFAB18712C679C0D007D2765 /* Pretendard */,
			);
			path = Fonts;
			sourceTree = "<group>";
		};
		DFAB18712C679C0D007D2765 /* Pretendard */ = {
			isa = PBXGroup;
			children = (
				DFAB18772C679C1D007D2765 /* Pretendard-Black.ttf */,
				DFAB18722C679C1C007D2765 /* Pretendard-Bold.ttf */,
				DFAB18762C679C1D007D2765 /* Pretendard-ExtraBold.ttf */,
				DFAB18752C679C1D007D2765 /* Pretendard-ExtraLight.ttf */,
				DFAB18782C679C1D007D2765 /* Pretendard-Light.ttf */,
				DFAB18742C679C1D007D2765 /* Pretendard-Medium.ttf */,
				DFAB18792C679C1D007D2765 /* Pretendard-Regular.ttf */,
				DFAB18732C679C1C007D2765 /* Pretendard-SemiBold.ttf */,
				DFAB187A2C679C1D007D2765 /* Pretendard-Thin.ttf */,
			);
			path = Pretendard;
			sourceTree = "<group>";
		};
		DFAB18842C679C26007D2765 /* Helper */ = {
			isa = PBXGroup;
			children = (
				DFAB18862C679C42007D2765 /* Helper+PretendardFont.swift */,
				634195792C67ED4200ADC9AB /* DateExtension.swift */,
				6341958E2C68131C00ADC9AB /* UserDefaultsValues.swift */,
			);
			path = Helper;
			sourceTree = "<group>";
		};
/* End PBXGroup section */

/* Begin PBXNativeTarget section */
		DF4D8D6B2C663021005BAD8B /* HappyBurstDay */ = {
			isa = PBXNativeTarget;
			buildConfigurationList = DF4D8D7A2C663022005BAD8B /* Build configuration list for PBXNativeTarget "HappyBurstDay" */;
			buildPhases = (
				DF4D8D682C663021005BAD8B /* Sources */,
				DF4D8D692C663021005BAD8B /* Frameworks */,
				DF4D8D6A2C663021005BAD8B /* Resources */,
			);
			buildRules = (
			);
			dependencies = (
			);
			name = HappyBurstDay;
			packageProductDependencies = (
				634195452C67A6B900ADC9AB /* GreemSwiftPackage */,
				6341954B2C67A6FE00ADC9AB /* Alamofire */,
			);
			productName = HappyBurstDay;
			productReference = DF4D8D6C2C663021005BAD8B /* HappyBurstDay.app */;
			productType = "com.apple.product-type.application";
		};
/* End PBXNativeTarget section */

/* Begin PBXProject section */
		DF4D8D642C663021005BAD8B /* Project object */ = {
			isa = PBXProject;
			attributes = {
				BuildIndependentTargetsInParallel = 1;
				LastSwiftUpdateCheck = 1540;
				LastUpgradeCheck = 1540;
				TargetAttributes = {
					DF4D8D6B2C663021005BAD8B = {
						CreatedOnToolsVersion = 15.4;
					};
				};
			};
			buildConfigurationList = DF4D8D672C663021005BAD8B /* Build configuration list for PBXProject "HappyBurstDay" */;
			compatibilityVersion = "Xcode 14.0";
			developmentRegion = en;
			hasScannedForEncodings = 0;
			knownRegions = (
				en,
				Base,
			);
			mainGroup = DF4D8D632C663021005BAD8B;
			packageReferences = (
				634195442C67A6B900ADC9AB /* XCRemoteSwiftPackageReference "GreemSwiftPackage" */,
				6341954A2C67A6FE00ADC9AB /* XCRemoteSwiftPackageReference "Alamofire" */,
			);
			productRefGroup = DF4D8D6D2C663021005BAD8B /* Products */;
			projectDirPath = "";
			projectRoot = "";
			targets = (
				DF4D8D6B2C663021005BAD8B /* HappyBurstDay */,
			);
		};
/* End PBXProject section */

/* Begin PBXResourcesBuildPhase section */
		DF4D8D6A2C663021005BAD8B /* Resources */ = {
			isa = PBXResourcesBuildPhase;
			buildActionMask = 2147483647;
			files = (
				DFAB18832C679C1D007D2765 /* Pretendard-Thin.ttf in Resources */,
				DF4D8D772C663022005BAD8B /* Preview Assets.xcassets in Resources */,
				DFAB18822C679C1D007D2765 /* Pretendard-Regular.ttf in Resources */,
				DFAB187D2C679C1D007D2765 /* Pretendard-Medium.ttf in Resources */,
				DFAB187C2C679C1D007D2765 /* Pretendard-SemiBold.ttf in Resources */,
				DFAB187E2C679C1D007D2765 /* Pretendard-ExtraLight.ttf in Resources */,
				DFAB187B2C679C1D007D2765 /* Pretendard-Bold.ttf in Resources */,
				DF4D8D742C663022005BAD8B /* Assets.xcassets in Resources */,
				DFAB187F2C679C1D007D2765 /* Pretendard-ExtraBold.ttf in Resources */,
				DFAB18812C679C1D007D2765 /* Pretendard-Light.ttf in Resources */,
				DFAB18802C679C1D007D2765 /* Pretendard-Black.ttf in Resources */,
			);
			runOnlyForDeploymentPostprocessing = 0;
		};
/* End PBXResourcesBuildPhase section */

/* Begin PBXSourcesBuildPhase section */
		DF4D8D682C663021005BAD8B /* Sources */ = {
			isa = PBXSourcesBuildPhase;
			buildActionMask = 2147483647;
			files = (
				6341956E2C67D02400ADC9AB /* NavigationEnvironments.swift in Sources */,
				634195522C67A84B00ADC9AB /* SignInView.swift in Sources */,
				6341955A2C67B71A00ADC9AB /* API_Key.swift in Sources */,
				6341958D2C68130500ADC9AB /* WishlistManager.swift in Sources */,
				634195842C68126E00ADC9AB /* WishlistItemDto.swift in Sources */,
				6341958A2C6812AD00ADC9AB /* ResponseWishlistRankingDto.swift in Sources */,
				634195492C67A6D300ADC9AB /* NetworkManager.swift in Sources */,
				DF4D8D722C663021005BAD8B /* ContentView.swift in Sources */,
				6341955D2C67B89500ADC9AB /* SignInVM.swift in Sources */,
				634195882C68128900ADC9AB /* FoodDiseaseWarning.swift in Sources */,
				634195642C67C89000ADC9AB /* SignInDto.swift in Sources */,
				6341956A2C67CD8E00ADC9AB /* SignView.swift in Sources */,
				634195552C67A9A300ADC9AB /* AuthRouter.swift in Sources */,
				DF4D8D702C663021005BAD8B /* HappyBurstDayApp.swift in Sources */,
				634195662C67C8B100ADC9AB /* ReissueDto.swift in Sources */,
				634195572C67AA7400ADC9AB /* NetworkErrors.swift in Sources */,
				6341956C2C67CEA400ADC9AB /* SignVM.swift in Sources */,
				634195682C67CD4E00ADC9AB /* SignUpView.swift in Sources */,
				634195622C67C86F00ADC9AB /* SignUpDto.swift in Sources */,
				634195782C67E15400ADC9AB /* AuthInterceptor.swift in Sources */,
				DFAB18872C679C42007D2765 /* Helper+PretendardFont.swift in Sources */,
				6341957A2C67ED4200ADC9AB /* DateExtension.swift in Sources */,
				6341958F2C68131C00ADC9AB /* UserDefaultsValues.swift in Sources */,
				634195722C67D4A100ADC9AB /* SignUpEmailCPT.swift in Sources */,
				6341954E2C67A7FD00ADC9AB /* AuthManager.swift in Sources */,
				634195762C67DC8900ADC9AB /* SignUpVM.swift in Sources */,
				634195862C68127E00ADC9AB /* FoodDto.swift in Sources */,
				634195912C68148900ADC9AB /* ResponseWishlistDto.swift in Sources */,
				6341957D2C6803CA00ADC9AB /* UserDto.swift in Sources */,
				634195742C67D53100ADC9AB /* SingUpPasswordCPT.swift in Sources */,
				6341957F2C680E6200ADC9AB /* WishRouter.swift in Sources */,
			);
			runOnlyForDeploymentPostprocessing = 0;
		};
/* End PBXSourcesBuildPhase section */

/* Begin XCBuildConfiguration section */
		DF4D8D782C663022005BAD8B /* Debug */ = {
			isa = XCBuildConfiguration;
			buildSettings = {
				ALWAYS_SEARCH_USER_PATHS = NO;
				ASSETCATALOG_COMPILER_GENERATE_SWIFT_ASSET_SYMBOL_EXTENSIONS = YES;
				CLANG_ANALYZER_NONNULL = YES;
				CLANG_ANALYZER_NUMBER_OBJECT_CONVERSION = YES_AGGRESSIVE;
				CLANG_CXX_LANGUAGE_STANDARD = "gnu++20";
				CLANG_ENABLE_MODULES = YES;
				CLANG_ENABLE_OBJC_ARC = YES;
				CLANG_ENABLE_OBJC_WEAK = YES;
				CLANG_WARN_BLOCK_CAPTURE_AUTORELEASING = YES;
				CLANG_WARN_BOOL_CONVERSION = YES;
				CLANG_WARN_COMMA = YES;
				CLANG_WARN_CONSTANT_CONVERSION = YES;
				CLANG_WARN_DEPRECATED_OBJC_IMPLEMENTATIONS = YES;
				CLANG_WARN_DIRECT_OBJC_ISA_USAGE = YES_ERROR;
				CLANG_WARN_DOCUMENTATION_COMMENTS = YES;
				CLANG_WARN_EMPTY_BODY = YES;
				CLANG_WARN_ENUM_CONVERSION = YES;
				CLANG_WARN_INFINITE_RECURSION = YES;
				CLANG_WARN_INT_CONVERSION = YES;
				CLANG_WARN_NON_LITERAL_NULL_CONVERSION = YES;
				CLANG_WARN_OBJC_IMPLICIT_RETAIN_SELF = YES;
				CLANG_WARN_OBJC_LITERAL_CONVERSION = YES;
				CLANG_WARN_OBJC_ROOT_CLASS = YES_ERROR;
				CLANG_WARN_QUOTED_INCLUDE_IN_FRAMEWORK_HEADER = YES;
				CLANG_WARN_RANGE_LOOP_ANALYSIS = YES;
				CLANG_WARN_STRICT_PROTOTYPES = YES;
				CLANG_WARN_SUSPICIOUS_MOVE = YES;
				CLANG_WARN_UNGUARDED_AVAILABILITY = YES_AGGRESSIVE;
				CLANG_WARN_UNREACHABLE_CODE = YES;
				CLANG_WARN__DUPLICATE_METHOD_MATCH = YES;
				COPY_PHASE_STRIP = NO;
				DEBUG_INFORMATION_FORMAT = dwarf;
				ENABLE_STRICT_OBJC_MSGSEND = YES;
				ENABLE_TESTABILITY = YES;
				ENABLE_USER_SCRIPT_SANDBOXING = YES;
				GCC_C_LANGUAGE_STANDARD = gnu17;
				GCC_DYNAMIC_NO_PIC = NO;
				GCC_NO_COMMON_BLOCKS = YES;
				GCC_OPTIMIZATION_LEVEL = 0;
				GCC_PREPROCESSOR_DEFINITIONS = (
					"DEBUG=1",
					"$(inherited)",
				);
				GCC_WARN_64_TO_32_BIT_CONVERSION = YES;
				GCC_WARN_ABOUT_RETURN_TYPE = YES_ERROR;
				GCC_WARN_UNDECLARED_SELECTOR = YES;
				GCC_WARN_UNINITIALIZED_AUTOS = YES_AGGRESSIVE;
				GCC_WARN_UNUSED_FUNCTION = YES;
				GCC_WARN_UNUSED_VARIABLE = YES;
				IPHONEOS_DEPLOYMENT_TARGET = 17.0;
				LOCALIZATION_PREFERS_STRING_CATALOGS = YES;
				MTL_ENABLE_DEBUG_INFO = INCLUDE_SOURCE;
				MTL_FAST_MATH = YES;
				ONLY_ACTIVE_ARCH = YES;
				SDKROOT = iphoneos;
				SWIFT_ACTIVE_COMPILATION_CONDITIONS = "DEBUG $(inherited)";
				SWIFT_OPTIMIZATION_LEVEL = "-Onone";
			};
			name = Debug;
		};
		DF4D8D792C663022005BAD8B /* Release */ = {
			isa = XCBuildConfiguration;
			buildSettings = {
				ALWAYS_SEARCH_USER_PATHS = NO;
				ASSETCATALOG_COMPILER_GENERATE_SWIFT_ASSET_SYMBOL_EXTENSIONS = YES;
				CLANG_ANALYZER_NONNULL = YES;
				CLANG_ANALYZER_NUMBER_OBJECT_CONVERSION = YES_AGGRESSIVE;
				CLANG_CXX_LANGUAGE_STANDARD = "gnu++20";
				CLANG_ENABLE_MODULES = YES;
				CLANG_ENABLE_OBJC_ARC = YES;
				CLANG_ENABLE_OBJC_WEAK = YES;
				CLANG_WARN_BLOCK_CAPTURE_AUTORELEASING = YES;
				CLANG_WARN_BOOL_CONVERSION = YES;
				CLANG_WARN_COMMA = YES;
				CLANG_WARN_CONSTANT_CONVERSION = YES;
				CLANG_WARN_DEPRECATED_OBJC_IMPLEMENTATIONS = YES;
				CLANG_WARN_DIRECT_OBJC_ISA_USAGE = YES_ERROR;
				CLANG_WARN_DOCUMENTATION_COMMENTS = YES;
				CLANG_WARN_EMPTY_BODY = YES;
				CLANG_WARN_ENUM_CONVERSION = YES;
				CLANG_WARN_INFINITE_RECURSION = YES;
				CLANG_WARN_INT_CONVERSION = YES;
				CLANG_WARN_NON_LITERAL_NULL_CONVERSION = YES;
				CLANG_WARN_OBJC_IMPLICIT_RETAIN_SELF = YES;
				CLANG_WARN_OBJC_LITERAL_CONVERSION = YES;
				CLANG_WARN_OBJC_ROOT_CLASS = YES_ERROR;
				CLANG_WARN_QUOTED_INCLUDE_IN_FRAMEWORK_HEADER = YES;
				CLANG_WARN_RANGE_LOOP_ANALYSIS = YES;
				CLANG_WARN_STRICT_PROTOTYPES = YES;
				CLANG_WARN_SUSPICIOUS_MOVE = YES;
				CLANG_WARN_UNGUARDED_AVAILABILITY = YES_AGGRESSIVE;
				CLANG_WARN_UNREACHABLE_CODE = YES;
				CLANG_WARN__DUPLICATE_METHOD_MATCH = YES;
				COPY_PHASE_STRIP = NO;
				DEBUG_INFORMATION_FORMAT = "dwarf-with-dsym";
				ENABLE_NS_ASSERTIONS = NO;
				ENABLE_STRICT_OBJC_MSGSEND = YES;
				ENABLE_USER_SCRIPT_SANDBOXING = YES;
				GCC_C_LANGUAGE_STANDARD = gnu17;
				GCC_NO_COMMON_BLOCKS = YES;
				GCC_WARN_64_TO_32_BIT_CONVERSION = YES;
				GCC_WARN_ABOUT_RETURN_TYPE = YES_ERROR;
				GCC_WARN_UNDECLARED_SELECTOR = YES;
				GCC_WARN_UNINITIALIZED_AUTOS = YES_AGGRESSIVE;
				GCC_WARN_UNUSED_FUNCTION = YES;
				GCC_WARN_UNUSED_VARIABLE = YES;
				IPHONEOS_DEPLOYMENT_TARGET = 17.0;
				LOCALIZATION_PREFERS_STRING_CATALOGS = YES;
				MTL_ENABLE_DEBUG_INFO = NO;
				MTL_FAST_MATH = YES;
				SDKROOT = iphoneos;
				SWIFT_COMPILATION_MODE = wholemodule;
				VALIDATE_PRODUCT = YES;
			};
			name = Release;
		};
		DF4D8D7B2C663022005BAD8B /* Debug */ = {
			isa = XCBuildConfiguration;
			buildSettings = {
				ASSETCATALOG_COMPILER_APPICON_NAME = AppIcon;
				ASSETCATALOG_COMPILER_GLOBAL_ACCENT_COLOR_NAME = AccentColor;
				CODE_SIGN_STYLE = Automatic;
				CURRENT_PROJECT_VERSION = 1;
				DEVELOPMENT_ASSET_PATHS = "\"HappyBurstDay/Preview Content\"";
				DEVELOPMENT_TEAM = 3W9F68ZTUJ;
				ENABLE_PREVIEWS = YES;
				GENERATE_INFOPLIST_FILE = YES;
				INFOPLIST_FILE = HappyBurstDay/Info.plist;
				INFOPLIST_KEY_UIApplicationSceneManifest_Generation = YES;
				INFOPLIST_KEY_UIApplicationSupportsIndirectInputEvents = YES;
				INFOPLIST_KEY_UILaunchScreen_Generation = YES;
				INFOPLIST_KEY_UISupportedInterfaceOrientations = UIInterfaceOrientationPortrait;
				INFOPLIST_KEY_UISupportedInterfaceOrientations_iPad = "UIInterfaceOrientationLandscapeLeft UIInterfaceOrientationLandscapeRight UIInterfaceOrientationPortrait UIInterfaceOrientationPortraitUpsideDown";
				LD_RUNPATH_SEARCH_PATHS = (
					"$(inherited)",
					"@executable_path/Frameworks",
				);
				MARKETING_VERSION = 1.0;
				PRODUCT_BUNDLE_IDENTIFIER = choseyeon.HappyBurstDay;
				PRODUCT_NAME = "$(TARGET_NAME)";
				SWIFT_EMIT_LOC_STRINGS = YES;
				SWIFT_VERSION = 5.0;
				TARGETED_DEVICE_FAMILY = "1,2";
			};
			name = Debug;
		};
		DF4D8D7C2C663022005BAD8B /* Release */ = {
			isa = XCBuildConfiguration;
			buildSettings = {
				ASSETCATALOG_COMPILER_APPICON_NAME = AppIcon;
				ASSETCATALOG_COMPILER_GLOBAL_ACCENT_COLOR_NAME = AccentColor;
				CODE_SIGN_STYLE = Automatic;
				CURRENT_PROJECT_VERSION = 1;
				DEVELOPMENT_ASSET_PATHS = "\"HappyBurstDay/Preview Content\"";
				DEVELOPMENT_TEAM = 3W9F68ZTUJ;
				ENABLE_PREVIEWS = YES;
				GENERATE_INFOPLIST_FILE = YES;
				INFOPLIST_FILE = HappyBurstDay/Info.plist;
				INFOPLIST_KEY_UIApplicationSceneManifest_Generation = YES;
				INFOPLIST_KEY_UIApplicationSupportsIndirectInputEvents = YES;
				INFOPLIST_KEY_UILaunchScreen_Generation = YES;
				INFOPLIST_KEY_UISupportedInterfaceOrientations = UIInterfaceOrientationPortrait;
				INFOPLIST_KEY_UISupportedInterfaceOrientations_iPad = "UIInterfaceOrientationLandscapeLeft UIInterfaceOrientationLandscapeRight UIInterfaceOrientationPortrait UIInterfaceOrientationPortraitUpsideDown";
				LD_RUNPATH_SEARCH_PATHS = (
					"$(inherited)",
					"@executable_path/Frameworks",
				);
				MARKETING_VERSION = 1.0;
				PRODUCT_BUNDLE_IDENTIFIER = choseyeon.HappyBurstDay;
				PRODUCT_NAME = "$(TARGET_NAME)";
				SWIFT_EMIT_LOC_STRINGS = YES;
				SWIFT_VERSION = 5.0;
				TARGETED_DEVICE_FAMILY = "1,2";
			};
			name = Release;
		};
/* End XCBuildConfiguration section */

/* Begin XCConfigurationList section */
		DF4D8D672C663021005BAD8B /* Build configuration list for PBXProject "HappyBurstDay" */ = {
			isa = XCConfigurationList;
			buildConfigurations = (
				DF4D8D782C663022005BAD8B /* Debug */,
				DF4D8D792C663022005BAD8B /* Release */,
			);
			defaultConfigurationIsVisible = 0;
			defaultConfigurationName = Release;
		};
		DF4D8D7A2C663022005BAD8B /* Build configuration list for PBXNativeTarget "HappyBurstDay" */ = {
			isa = XCConfigurationList;
			buildConfigurations = (
				DF4D8D7B2C663022005BAD8B /* Debug */,
				DF4D8D7C2C663022005BAD8B /* Release */,
			);
			defaultConfigurationIsVisible = 0;
			defaultConfigurationName = Release;
		};
/* End XCConfigurationList section */

/* Begin XCRemoteSwiftPackageReference section */
		634195442C67A6B900ADC9AB /* XCRemoteSwiftPackageReference "GreemSwiftPackage" */ = {
			isa = XCRemoteSwiftPackageReference;
			repositoryURL = "https://github.com/TaeYoon17/GreemSwiftPackage.git";
			requirement = {
				branch = main;
				kind = branch;
			};
		};
		6341954A2C67A6FE00ADC9AB /* XCRemoteSwiftPackageReference "Alamofire" */ = {
			isa = XCRemoteSwiftPackageReference;
			repositoryURL = "https://github.com/Alamofire/Alamofire.git";
			requirement = {
				kind = upToNextMajorVersion;
				minimumVersion = 5.9.1;
			};
		};
/* End XCRemoteSwiftPackageReference section */

/* Begin XCSwiftPackageProductDependency section */
		634195452C67A6B900ADC9AB /* GreemSwiftPackage */ = {
			isa = XCSwiftPackageProductDependency;
			package = 634195442C67A6B900ADC9AB /* XCRemoteSwiftPackageReference "GreemSwiftPackage" */;
			productName = GreemSwiftPackage;
		};
		6341954B2C67A6FE00ADC9AB /* Alamofire */ = {
			isa = XCSwiftPackageProductDependency;
			package = 6341954A2C67A6FE00ADC9AB /* XCRemoteSwiftPackageReference "Alamofire" */;
			productName = Alamofire;
		};
/* End XCSwiftPackageProductDependency section */
	};
	rootObject = DF4D8D642C663021005BAD8B /* Project object */;
}
